
Microsoft Visual Studio Solution File, Format Version 12.00
# Visual Studio Version 17
VisualStudioVersion = 17.8.34525.116
MinimumVisualStudioVersion = 10.0.40219.1
Project("{FAE04EC0-301F-11D3-BF4B-00C04F79EFBC}") = "PL", "PL\PL.csproj", "{87DC85C9-8133-4A5D-BF15-FF98A0711DA9}"
EndProject
Project("{FAE04EC0-301F-11D3-BF4B-00C04F79EFBC}") = "ML", "ML\ML.csproj", "{0971B422-FD64-4EB6-8999-3AF65E723EB2}"
EndProject
Global
	GlobalSection(SolutionConfigurationPlatforms) = preSolution
		Debug|Any CPU = Debug|Any CPU
		Release|Any CPU = Release|Any CPU
	EndGlobalSection
	GlobalSection(ProjectConfigurationPlatforms) = postSolution
		{87DC85C9-8133-4A5D-BF15-FF98A0711DA9}.Debug|Any CPU.ActiveCfg = Debug|Any CPU
		{87DC85C9-8133-4A5D-BF15-FF98A0711DA9}.Debug|Any CPU.Build.0 = Debug|Any CPU
		{87DC85C9-8133-4A5D-BF15-FF98A0711DA9}.Release|Any CPU.ActiveCfg = Release|Any CPU
		{87DC85C9-8133-4A5D-BF15-FF98A0711DA9}.Release|Any CPU.Build.0 = Release|Any CPU
		{0971B422-FD64-4EB6-8999-3AF65E723EB2}.Debug|Any CPU.ActiveCfg = Debug|Any CPU
		{0971B422-FD64-4EB6-8999-3AF65E723EB2}.Debug|Any CPU.Build.0 = Debug|Any CPU
		{0971B422-FD64-4EB6-8999-3AF65E723EB2}.Release|Any CPU.ActiveCfg = Release|Any CPU
		{0971B422-FD64-4EB6-8999-3AF65E723EB2}.Release|Any CPU.Build.0 = Release|Any CPU
	EndGlobalSection
	GlobalSection(SolutionProperties) = preSolution
		HideSolutionNode = FALSE
	EndGlobalSection
	GlobalSection(ExtensibilityGlobals) = postSolution
		SolutionGuid = {6856E790-F1AD-4AB2-B46C-3206FDD6964B}
	EndGlobalSection
EndGlobal
